
Microsoft Visual Studio Solution File, Format Version 12.00
# Visual Studio 14
VisualStudioVersion = 14.0.25420.1
MinimumVisualStudioVersion = 10.0.40219.1
Project("{FAE04EC0-301F-11D3-BF4B-00C04F79EFBC}") = "APPPInCSharp_SingletonPattern.Console", "APPPInCSharp_SingletonPattern.Console\APPPInCSharp_SingletonPattern.Console.csproj", "{68451422-1FF1-430D-9708-84048901653F}"
EndProject
Project("{FAE04EC0-301F-11D3-BF4B-00C04F79EFBC}") = "APPPInCSharp_SingletonPattern.UnitTests", "APPPInCSharp_SingletonPattern.UnitTests\APPPInCSharp_SingletonPattern.UnitTests.csproj", "{6F7B88CE-4ED3-4F3F-8CCA-2794948E135B}"
EndProject
Global
	GlobalSection(SolutionConfigurationPlatforms) = preSolution
		Debug|Any CPU = Debug|Any CPU
		Release|Any CPU = Release|Any CPU
	EndGlobalSection
	GlobalSection(ProjectConfigurationPlatforms) = postSolution
		{68451422-1FF1-430D-9708-84048901653F}.Debug|Any CPU.ActiveCfg = Debug|Any CPU
		{68451422-1FF1-430D-9708-84048901653F}.Debug|Any CPU.Build.0 = Debug|Any CPU
		{68451422-1FF1-430D-9708-84048901653F}.Release|Any CPU.ActiveCfg = Release|Any CPU
		{68451422-1FF1-430D-9708-84048901653F}.Release|Any CPU.Build.0 = Release|Any CPU
		{6F7B88CE-4ED3-4F3F-8CCA-2794948E135B}.Debug|Any CPU.ActiveCfg = Debug|Any CPU
		{6F7B88CE-4ED3-4F3F-8CCA-2794948E135B}.Debug|Any CPU.Build.0 = Debug|Any CPU
		{6F7B88CE-4ED3-4F3F-8CCA-2794948E135B}.Release|Any CPU.ActiveCfg = Release|Any CPU
		{6F7B88CE-4ED3-4F3F-8CCA-2794948E135B}.Release|Any CPU.Build.0 = Release|Any CPU
	EndGlobalSection
	GlobalSection(SolutionProperties) = preSolution
		HideSolutionNode = FALSE
	EndGlobalSection
EndGlobal
